
Microsoft Visual Studio Solution File, Format Version 12.00
# Visual Studio Version 17
VisualStudioVersion = 17.5.2.0
MinimumVisualStudioVersion = 10.0.40219.1
Project("{FAE04EC0-301F-11D3-BF4B-00C04F79EFBC}") = "University.Services", "University.Services\University.Services.csproj", "{9AFAE237-18DC-9BAA-2367-B468285695E2}"
EndProject
Project("{FAE04EC0-301F-11D3-BF4B-00C04F79EFBC}") = "University.Models", "University.Models\University.Models.csproj", "{A6CFD4B1-2D05-58AF-EC5E-A4AEFA175B27}"
EndProject
Project("{FAE04EC0-301F-11D3-BF4B-00C04F79EFBC}") = "University.Repositories", "University.Repositories\University.Repositories.csproj", "{7D095B2D-5C78-4E02-8BD9-4147273C06E0}"
EndProject
Global
	GlobalSection(SolutionConfigurationPlatforms) = preSolution
		Debug|Any CPU = Debug|Any CPU
		Debug|x64 = Debug|x64
		Debug|x86 = Debug|x86
		Release|Any CPU = Release|Any CPU
		Release|x64 = Release|x64
		Release|x86 = Release|x86
	EndGlobalSection
	GlobalSection(ProjectConfigurationPlatforms) = postSolution
		{9AFAE237-18DC-9BAA-2367-B468285695E2}.Debug|Any CPU.ActiveCfg = Debug|Any CPU
		{9AFAE237-18DC-9BAA-2367-B468285695E2}.Debug|Any CPU.Build.0 = Debug|Any CPU
		{9AFAE237-18DC-9BAA-2367-B468285695E2}.Debug|x64.ActiveCfg = Debug|Any CPU
		{9AFAE237-18DC-9BAA-2367-B468285695E2}.Debug|x64.Build.0 = Debug|Any CPU
		{9AFAE237-18DC-9BAA-2367-B468285695E2}.Debug|x86.ActiveCfg = Debug|Any CPU
		{9AFAE237-18DC-9BAA-2367-B468285695E2}.Debug|x86.Build.0 = Debug|Any CPU
		{9AFAE237-18DC-9BAA-2367-B468285695E2}.Release|Any CPU.ActiveCfg = Release|Any CPU
		{9AFAE237-18DC-9BAA-2367-B468285695E2}.Release|Any CPU.Build.0 = Release|Any CPU
		{9AFAE237-18DC-9BAA-2367-B468285695E2}.Release|x64.ActiveCfg = Release|Any CPU
		{9AFAE237-18DC-9BAA-2367-B468285695E2}.Release|x64.Build.0 = Release|Any CPU
		{9AFAE237-18DC-9BAA-2367-B468285695E2}.Release|x86.ActiveCfg = Release|Any CPU
		{9AFAE237-18DC-9BAA-2367-B468285695E2}.Release|x86.Build.0 = Release|Any CPU
		{A6CFD4B1-2D05-58AF-EC5E-A4AEFA175B27}.Debug|Any CPU.ActiveCfg = Debug|Any CPU
		{A6CFD4B1-2D05-58AF-EC5E-A4AEFA175B27}.Debug|Any CPU.Build.0 = Debug|Any CPU
		{A6CFD4B1-2D05-58AF-EC5E-A4AEFA175B27}.Debug|x64.ActiveCfg = Debug|Any CPU
		{A6CFD4B1-2D05-58AF-EC5E-A4AEFA175B27}.Debug|x64.Build.0 = Debug|Any CPU
		{A6CFD4B1-2D05-58AF-EC5E-A4AEFA175B27}.Debug|x86.ActiveCfg = Debug|Any CPU
		{A6CFD4B1-2D05-58AF-EC5E-A4AEFA175B27}.Debug|x86.Build.0 = Debug|Any CPU
		{A6CFD4B1-2D05-58AF-EC5E-A4AEFA175B27}.Release|Any CPU.ActiveCfg = Release|Any CPU
		{A6CFD4B1-2D05-58AF-EC5E-A4AEFA175B27}.Release|Any CPU.Build.0 = Release|Any CPU
		{A6CFD4B1-2D05-58AF-EC5E-A4AEFA175B27}.Release|x64.ActiveCfg = Release|Any CPU
		{A6CFD4B1-2D05-58AF-EC5E-A4AEFA175B27}.Release|x64.Build.0 = Release|Any CPU
		{A6CFD4B1-2D05-58AF-EC5E-A4AEFA175B27}.Release|x86.ActiveCfg = Release|Any CPU
		{A6CFD4B1-2D05-58AF-EC5E-A4AEFA175B27}.Release|x86.Build.0 = Release|Any CPU
		{7D095B2D-5C78-4E02-8BD9-4147273C06E0}.Debug|Any CPU.ActiveCfg = Debug|Any CPU
		{7D095B2D-5C78-4E02-8BD9-4147273C06E0}.Debug|Any CPU.Build.0 = Debug|Any CPU
		{7D095B2D-5C78-4E02-8BD9-4147273C06E0}.Debug|x64.ActiveCfg = Debug|Any CPU
		{7D095B2D-5C78-4E02-8BD9-4147273C06E0}.Debug|x64.Build.0 = Debug|Any CPU
		{7D095B2D-5C78-4E02-8BD9-4147273C06E0}.Debug|x86.ActiveCfg = Debug|Any CPU
		{7D095B2D-5C78-4E02-8BD9-4147273C06E0}.Debug|x86.Build.0 = Debug|Any CPU
		{7D095B2D-5C78-4E02-8BD9-4147273C06E0}.Release|Any CPU.ActiveCfg = Release|Any CPU
		{7D095B2D-5C78-4E02-8BD9-4147273C06E0}.Release|Any CPU.Build.0 = Release|Any CPU
		{7D095B2D-5C78-4E02-8BD9-4147273C06E0}.Release|x64.ActiveCfg = Release|Any CPU
		{7D095B2D-5C78-4E02-8BD9-4147273C06E0}.Release|x64.Build.0 = Release|Any CPU
		{7D095B2D-5C78-4E02-8BD9-4147273C06E0}.Release|x86.ActiveCfg = Release|Any CPU
		{7D095B2D-5C78-4E02-8BD9-4147273C06E0}.Release|x86.Build.0 = Release|Any CPU
	EndGlobalSection
	GlobalSection(SolutionProperties) = preSolution
		HideSolutionNode = FALSE
	EndGlobalSection
	GlobalSection(ExtensibilityGlobals) = postSolution
		SolutionGuid = {E30C78C5-DFBA-4C2F-AB49-BF01B329A81C}
	EndGlobalSection
EndGlobal
